# This file was autogenerated by Stack.
# You should not edit this file by hand.
# For more information, please see the documentation at:
#   https://docs.haskellstack.org/en/stable/lock_files

packages:
- completed:
    hackage: grid-7.8.15@sha256:7fc4a51062c8915e3301774242fbb74bdafcb959e1da17015d5fb1658890eb63,2289
    pantry-tree:
      sha256: a7003826456a83b2f312f1a81938d31a095218731a51afe828168dfb9ec08069
      size: 1880
  original:
    hackage: grid-7.8.15@sha256:7fc4a51062c8915e3301774242fbb74bdafcb959e1da17015d5fb1658890eb63
snapshots:
- completed:
    sha256: 5cacb39a2c21842535dc0a31e2005d3b1eb18e451a89d58c28381e1efdb9520f
    size: 647983
    url: https://raw.githubusercontent.com/commercialhaskell/stackage-snapshots/master/nightly/2022/11/12.yaml
  original: nightly-2022-11-12
